
Microsoft Visual Studio Solution File, Format Version 12.00
# Visual Studio Version 17
VisualStudioVersion = 17.0.31903.59
MinimumVisualStudioVersion = 10.0.40219.1
Project("{2150E333-8FDC-42A3-9474-1A3956D46DE8}") = "src", "src", "{827E0CD3-B72D-47B6-A68D-7590B98EB39B}"
EndProject
Project("{FAE04EC0-301F-11D3-BF4B-00C04F79EFBC}") = "MilkMatrix.Api", "src\MilkMatrix.Api\MilkMatrix.Api.csproj", "{E7B64B84-C17E-4A2C-BB00-09B316EDD25E}"
EndProject
Project("{FAE04EC0-301F-11D3-BF4B-00C04F79EFBC}") = "MilkMatrix.Infrastructure", "src\MilkMatrix.Infrastructure\MilkMatrix.Infrastructure.csproj", "{CACCD2F7-D8E4-4766-BC60-E24FE2DC111B}"
EndProject
Project("{2150E333-8FDC-42A3-9474-1A3956D46DE8}") = "tests", "tests", "{0AB3BF05-4346-4AA6-1389-037BE0695223}"
EndProject
Project("{FAE04EC0-301F-11D3-BF4B-00C04F79EFBC}") = "MilkMatrix.Tests", "tests\MilkMatrix.Tests\MilkMatrix.Tests.csproj", "{7189B254-F8D0-4A31-89FB-1E760560FD38}"
EndProject
Project("{FAE04EC0-301F-11D3-BF4B-00C04F79EFBC}") = "MilkMatrix.DataAccess.Ado", "src\MilkMatrix.DataAccess.Ado\MilkMatrix.DataAccess.Ado.csproj", "{2C7AB6F6-C240-468B-BFB5-0BAC1FB5F168}"
EndProject
Project("{FAE04EC0-301F-11D3-BF4B-00C04F79EFBC}") = "MilkMatrix.DataAccess.Dapper", "src\MilkMatrix.DataAccess.Dapper\MilkMatrix.DataAccess.Dapper.csproj", "{650FD275-924A-4CDC-B752-CF9B8462C20E}"
EndProject
Project("{FAE04EC0-301F-11D3-BF4B-00C04F79EFBC}") = "MilkMatrix.Core", "src\MilkMatrix.Core\MilkMatrix.Core.csproj", "{D41713B1-E78C-4EFF-AFD0-F074E91D4F12}"
EndProject
Project("{FAE04EC0-301F-11D3-BF4B-00C04F79EFBC}") = "MilkMatrix.DataAccess.Common", "src\MilkMatrix.DataAccess.Common\MilkMatrix.DataAccess.Common.csproj", "{0EE8D0B0-C391-429F-B708-0C1827ABA34B}"
EndProject
Project("{FAE04EC0-301F-11D3-BF4B-00C04F79EFBC}") = "MilkMatrix.Logging", "src\MilkMatrix.Logging\MilkMatrix.Logging.csproj", "{2B7F76FC-1C6A-4F26-A7A8-421FC066F398}"
EndProject
Project("{FAE04EC0-301F-11D3-BF4B-00C04F79EFBC}") = "MilkMatrix.Notifications", "src\MilkMatrix.Notifications\MilkMatrix.Notifications.csproj", "{8177750A-89E9-4737-A99B-8757885B2EFA}"
EndProject
Project("{FAE04EC0-301F-11D3-BF4B-00C04F79EFBC}") = "MilkMatrix.Admin", "src\MilkMatrix.Admin\MilkMatrix.Admin.csproj", "{DB7127DD-244D-4AA4-BA29-D2F25F083455}"
EndProject
Project("{FAE04EC0-301F-11D3-BF4B-00C04F79EFBC}") = "MilkMatrix.Milk", "src\MilkMatrix.Milk\MilkMatrix.Milk.csproj", "{F60A4E09-427E-4D5D-93DB-7308D291D2F5}"
EndProject
Global
	GlobalSection(SolutionConfigurationPlatforms) = preSolution
		Debug|Any CPU = Debug|Any CPU
		Debug|x64 = Debug|x64
		Debug|x86 = Debug|x86
		Release|Any CPU = Release|Any CPU
		Release|x64 = Release|x64
		Release|x86 = Release|x86
	EndGlobalSection
	GlobalSection(ProjectConfigurationPlatforms) = postSolution
		{E7B64B84-C17E-4A2C-BB00-09B316EDD25E}.Debug|Any CPU.ActiveCfg = Debug|Any CPU
		{E7B64B84-C17E-4A2C-BB00-09B316EDD25E}.Debug|Any CPU.Build.0 = Debug|Any CPU
		{E7B64B84-C17E-4A2C-BB00-09B316EDD25E}.Debug|x64.ActiveCfg = Debug|Any CPU
		{E7B64B84-C17E-4A2C-BB00-09B316EDD25E}.Debug|x64.Build.0 = Debug|Any CPU
		{E7B64B84-C17E-4A2C-BB00-09B316EDD25E}.Debug|x86.ActiveCfg = Debug|Any CPU
		{E7B64B84-C17E-4A2C-BB00-09B316EDD25E}.Debug|x86.Build.0 = Debug|Any CPU
		{E7B64B84-C17E-4A2C-BB00-09B316EDD25E}.Release|Any CPU.ActiveCfg = Release|Any CPU
		{E7B64B84-C17E-4A2C-BB00-09B316EDD25E}.Release|Any CPU.Build.0 = Release|Any CPU
		{E7B64B84-C17E-4A2C-BB00-09B316EDD25E}.Release|x64.ActiveCfg = Release|Any CPU
		{E7B64B84-C17E-4A2C-BB00-09B316EDD25E}.Release|x64.Build.0 = Release|Any CPU
		{E7B64B84-C17E-4A2C-BB00-09B316EDD25E}.Release|x86.ActiveCfg = Release|Any CPU
		{E7B64B84-C17E-4A2C-BB00-09B316EDD25E}.Release|x86.Build.0 = Release|Any CPU
		{CACCD2F7-D8E4-4766-BC60-E24FE2DC111B}.Debug|Any CPU.ActiveCfg = Debug|Any CPU
		{CACCD2F7-D8E4-4766-BC60-E24FE2DC111B}.Debug|Any CPU.Build.0 = Debug|Any CPU
		{CACCD2F7-D8E4-4766-BC60-E24FE2DC111B}.Debug|x64.ActiveCfg = Debug|Any CPU
		{CACCD2F7-D8E4-4766-BC60-E24FE2DC111B}.Debug|x64.Build.0 = Debug|Any CPU
		{CACCD2F7-D8E4-4766-BC60-E24FE2DC111B}.Debug|x86.ActiveCfg = Debug|Any CPU
		{CACCD2F7-D8E4-4766-BC60-E24FE2DC111B}.Debug|x86.Build.0 = Debug|Any CPU
		{CACCD2F7-D8E4-4766-BC60-E24FE2DC111B}.Release|Any CPU.ActiveCfg = Release|Any CPU
		{CACCD2F7-D8E4-4766-BC60-E24FE2DC111B}.Release|Any CPU.Build.0 = Release|Any CPU
		{CACCD2F7-D8E4-4766-BC60-E24FE2DC111B}.Release|x64.ActiveCfg = Release|Any CPU
		{CACCD2F7-D8E4-4766-BC60-E24FE2DC111B}.Release|x64.Build.0 = Release|Any CPU
		{CACCD2F7-D8E4-4766-BC60-E24FE2DC111B}.Release|x86.ActiveCfg = Release|Any CPU
		{CACCD2F7-D8E4-4766-BC60-E24FE2DC111B}.Release|x86.Build.0 = Release|Any CPU
		{7189B254-F8D0-4A31-89FB-1E760560FD38}.Debug|Any CPU.ActiveCfg = Debug|Any CPU
		{7189B254-F8D0-4A31-89FB-1E760560FD38}.Debug|Any CPU.Build.0 = Debug|Any CPU
		{7189B254-F8D0-4A31-89FB-1E760560FD38}.Debug|x64.ActiveCfg = Debug|Any CPU
		{7189B254-F8D0-4A31-89FB-1E760560FD38}.Debug|x64.Build.0 = Debug|Any CPU
		{7189B254-F8D0-4A31-89FB-1E760560FD38}.Debug|x86.ActiveCfg = Debug|Any CPU
		{7189B254-F8D0-4A31-89FB-1E760560FD38}.Debug|x86.Build.0 = Debug|Any CPU
		{7189B254-F8D0-4A31-89FB-1E760560FD38}.Release|Any CPU.ActiveCfg = Release|Any CPU
		{7189B254-F8D0-4A31-89FB-1E760560FD38}.Release|Any CPU.Build.0 = Release|Any CPU
		{7189B254-F8D0-4A31-89FB-1E760560FD38}.Release|x64.ActiveCfg = Release|Any CPU
		{7189B254-F8D0-4A31-89FB-1E760560FD38}.Release|x64.Build.0 = Release|Any CPU
		{7189B254-F8D0-4A31-89FB-1E760560FD38}.Release|x86.ActiveCfg = Release|Any CPU
		{7189B254-F8D0-4A31-89FB-1E760560FD38}.Release|x86.Build.0 = Release|Any CPU
		{2C7AB6F6-C240-468B-BFB5-0BAC1FB5F168}.Debug|Any CPU.ActiveCfg = Debug|Any CPU
		{2C7AB6F6-C240-468B-BFB5-0BAC1FB5F168}.Debug|Any CPU.Build.0 = Debug|Any CPU
		{2C7AB6F6-C240-468B-BFB5-0BAC1FB5F168}.Debug|x64.ActiveCfg = Debug|Any CPU
		{2C7AB6F6-C240-468B-BFB5-0BAC1FB5F168}.Debug|x64.Build.0 = Debug|Any CPU
		{2C7AB6F6-C240-468B-BFB5-0BAC1FB5F168}.Debug|x86.ActiveCfg = Debug|Any CPU
		{2C7AB6F6-C240-468B-BFB5-0BAC1FB5F168}.Debug|x86.Build.0 = Debug|Any CPU
		{2C7AB6F6-C240-468B-BFB5-0BAC1FB5F168}.Release|Any CPU.ActiveCfg = Release|Any CPU
		{2C7AB6F6-C240-468B-BFB5-0BAC1FB5F168}.Release|Any CPU.Build.0 = Release|Any CPU
		{2C7AB6F6-C240-468B-BFB5-0BAC1FB5F168}.Release|x64.ActiveCfg = Release|Any CPU
		{2C7AB6F6-C240-468B-BFB5-0BAC1FB5F168}.Release|x64.Build.0 = Release|Any CPU
		{2C7AB6F6-C240-468B-BFB5-0BAC1FB5F168}.Release|x86.ActiveCfg = Release|Any CPU
		{2C7AB6F6-C240-468B-BFB5-0BAC1FB5F168}.Release|x86.Build.0 = Release|Any CPU
		{650FD275-924A-4CDC-B752-CF9B8462C20E}.Debug|Any CPU.ActiveCfg = Debug|Any CPU
		{650FD275-924A-4CDC-B752-CF9B8462C20E}.Debug|Any CPU.Build.0 = Debug|Any CPU
		{650FD275-924A-4CDC-B752-CF9B8462C20E}.Debug|x64.ActiveCfg = Debug|Any CPU
		{650FD275-924A-4CDC-B752-CF9B8462C20E}.Debug|x64.Build.0 = Debug|Any CPU
		{650FD275-924A-4CDC-B752-CF9B8462C20E}.Debug|x86.ActiveCfg = Debug|Any CPU
		{650FD275-924A-4CDC-B752-CF9B8462C20E}.Debug|x86.Build.0 = Debug|Any CPU
		{650FD275-924A-4CDC-B752-CF9B8462C20E}.Release|Any CPU.ActiveCfg = Release|Any CPU
		{650FD275-924A-4CDC-B752-CF9B8462C20E}.Release|Any CPU.Build.0 = Release|Any CPU
		{650FD275-924A-4CDC-B752-CF9B8462C20E}.Release|x64.ActiveCfg = Release|Any CPU
		{650FD275-924A-4CDC-B752-CF9B8462C20E}.Release|x64.Build.0 = Release|Any CPU
		{650FD275-924A-4CDC-B752-CF9B8462C20E}.Release|x86.ActiveCfg = Release|Any CPU
		{650FD275-924A-4CDC-B752-CF9B8462C20E}.Release|x86.Build.0 = Release|Any CPU
		{D41713B1-E78C-4EFF-AFD0-F074E91D4F12}.Debug|Any CPU.ActiveCfg = Debug|Any CPU
		{D41713B1-E78C-4EFF-AFD0-F074E91D4F12}.Debug|Any CPU.Build.0 = Debug|Any CPU
		{D41713B1-E78C-4EFF-AFD0-F074E91D4F12}.Debug|x64.ActiveCfg = Debug|Any CPU
		{D41713B1-E78C-4EFF-AFD0-F074E91D4F12}.Debug|x64.Build.0 = Debug|Any CPU
		{D41713B1-E78C-4EFF-AFD0-F074E91D4F12}.Debug|x86.ActiveCfg = Debug|Any CPU
		{D41713B1-E78C-4EFF-AFD0-F074E91D4F12}.Debug|x86.Build.0 = Debug|Any CPU
		{D41713B1-E78C-4EFF-AFD0-F074E91D4F12}.Release|Any CPU.ActiveCfg = Release|Any CPU
		{D41713B1-E78C-4EFF-AFD0-F074E91D4F12}.Release|Any CPU.Build.0 = Release|Any CPU
		{D41713B1-E78C-4EFF-AFD0-F074E91D4F12}.Release|x64.ActiveCfg = Release|Any CPU
		{D41713B1-E78C-4EFF-AFD0-F074E91D4F12}.Release|x64.Build.0 = Release|Any CPU
		{D41713B1-E78C-4EFF-AFD0-F074E91D4F12}.Release|x86.ActiveCfg = Release|Any CPU
		{D41713B1-E78C-4EFF-AFD0-F074E91D4F12}.Release|x86.Build.0 = Release|Any CPU
		{0EE8D0B0-C391-429F-B708-0C1827ABA34B}.Debug|Any CPU.ActiveCfg = Debug|Any CPU
		{0EE8D0B0-C391-429F-B708-0C1827ABA34B}.Debug|Any CPU.Build.0 = Debug|Any CPU
		{0EE8D0B0-C391-429F-B708-0C1827ABA34B}.Debug|x64.ActiveCfg = Debug|Any CPU
		{0EE8D0B0-C391-429F-B708-0C1827ABA34B}.Debug|x64.Build.0 = Debug|Any CPU
		{0EE8D0B0-C391-429F-B708-0C1827ABA34B}.Debug|x86.ActiveCfg = Debug|Any CPU
		{0EE8D0B0-C391-429F-B708-0C1827ABA34B}.Debug|x86.Build.0 = Debug|Any CPU
		{0EE8D0B0-C391-429F-B708-0C1827ABA34B}.Release|Any CPU.ActiveCfg = Release|Any CPU
		{0EE8D0B0-C391-429F-B708-0C1827ABA34B}.Release|Any CPU.Build.0 = Release|Any CPU
		{0EE8D0B0-C391-429F-B708-0C1827ABA34B}.Release|x64.ActiveCfg = Release|Any CPU
		{0EE8D0B0-C391-429F-B708-0C1827ABA34B}.Release|x64.Build.0 = Release|Any CPU
		{0EE8D0B0-C391-429F-B708-0C1827ABA34B}.Release|x86.ActiveCfg = Release|Any CPU
		{0EE8D0B0-C391-429F-B708-0C1827ABA34B}.Release|x86.Build.0 = Release|Any CPU
		{2B7F76FC-1C6A-4F26-A7A8-421FC066F398}.Debug|Any CPU.ActiveCfg = Debug|Any CPU
		{2B7F76FC-1C6A-4F26-A7A8-421FC066F398}.Debug|Any CPU.Build.0 = Debug|Any CPU
		{2B7F76FC-1C6A-4F26-A7A8-421FC066F398}.Debug|x64.ActiveCfg = Debug|Any CPU
		{2B7F76FC-1C6A-4F26-A7A8-421FC066F398}.Debug|x64.Build.0 = Debug|Any CPU
		{2B7F76FC-1C6A-4F26-A7A8-421FC066F398}.Debug|x86.ActiveCfg = Debug|Any CPU
		{2B7F76FC-1C6A-4F26-A7A8-421FC066F398}.Debug|x86.Build.0 = Debug|Any CPU
		{2B7F76FC-1C6A-4F26-A7A8-421FC066F398}.Release|Any CPU.ActiveCfg = Release|Any CPU
		{2B7F76FC-1C6A-4F26-A7A8-421FC066F398}.Release|Any CPU.Build.0 = Release|Any CPU
		{2B7F76FC-1C6A-4F26-A7A8-421FC066F398}.Release|x64.ActiveCfg = Release|Any CPU
		{2B7F76FC-1C6A-4F26-A7A8-421FC066F398}.Release|x64.Build.0 = Release|Any CPU
		{2B7F76FC-1C6A-4F26-A7A8-421FC066F398}.Release|x86.ActiveCfg = Release|Any CPU
		{2B7F76FC-1C6A-4F26-A7A8-421FC066F398}.Release|x86.Build.0 = Release|Any CPU
		{8177750A-89E9-4737-A99B-8757885B2EFA}.Debug|Any CPU.ActiveCfg = Debug|Any CPU
		{8177750A-89E9-4737-A99B-8757885B2EFA}.Debug|Any CPU.Build.0 = Debug|Any CPU
		{8177750A-89E9-4737-A99B-8757885B2EFA}.Debug|x64.ActiveCfg = Debug|Any CPU
		{8177750A-89E9-4737-A99B-8757885B2EFA}.Debug|x64.Build.0 = Debug|Any CPU
		{8177750A-89E9-4737-A99B-8757885B2EFA}.Debug|x86.ActiveCfg = Debug|Any CPU
		{8177750A-89E9-4737-A99B-8757885B2EFA}.Debug|x86.Build.0 = Debug|Any CPU
		{8177750A-89E9-4737-A99B-8757885B2EFA}.Release|Any CPU.ActiveCfg = Release|Any CPU
		{8177750A-89E9-4737-A99B-8757885B2EFA}.Release|Any CPU.Build.0 = Release|Any CPU
		{8177750A-89E9-4737-A99B-8757885B2EFA}.Release|x64.ActiveCfg = Release|Any CPU
		{8177750A-89E9-4737-A99B-8757885B2EFA}.Release|x64.Build.0 = Release|Any CPU
		{8177750A-89E9-4737-A99B-8757885B2EFA}.Release|x86.ActiveCfg = Release|Any CPU
		{8177750A-89E9-4737-A99B-8757885B2EFA}.Release|x86.Build.0 = Release|Any CPU
		{DB7127DD-244D-4AA4-BA29-D2F25F083455}.Debug|Any CPU.ActiveCfg = Debug|Any CPU
		{DB7127DD-244D-4AA4-BA29-D2F25F083455}.Debug|Any CPU.Build.0 = Debug|Any CPU
		{DB7127DD-244D-4AA4-BA29-D2F25F083455}.Debug|x64.ActiveCfg = Debug|Any CPU
		{DB7127DD-244D-4AA4-BA29-D2F25F083455}.Debug|x64.Build.0 = Debug|Any CPU
		{DB7127DD-244D-4AA4-BA29-D2F25F083455}.Debug|x86.ActiveCfg = Debug|Any CPU
		{DB7127DD-244D-4AA4-BA29-D2F25F083455}.Debug|x86.Build.0 = Debug|Any CPU
		{DB7127DD-244D-4AA4-BA29-D2F25F083455}.Release|Any CPU.ActiveCfg = Release|Any CPU
		{DB7127DD-244D-4AA4-BA29-D2F25F083455}.Release|Any CPU.Build.0 = Release|Any CPU
		{DB7127DD-244D-4AA4-BA29-D2F25F083455}.Release|x64.ActiveCfg = Release|Any CPU
		{DB7127DD-244D-4AA4-BA29-D2F25F083455}.Release|x64.Build.0 = Release|Any CPU
		{DB7127DD-244D-4AA4-BA29-D2F25F083455}.Release|x86.ActiveCfg = Release|Any CPU
		{DB7127DD-244D-4AA4-BA29-D2F25F083455}.Release|x86.Build.0 = Release|Any CPU
		{F60A4E09-427E-4D5D-93DB-7308D291D2F5}.Debug|Any CPU.ActiveCfg = Debug|Any CPU
		{F60A4E09-427E-4D5D-93DB-7308D291D2F5}.Debug|Any CPU.Build.0 = Debug|Any CPU
		{F60A4E09-427E-4D5D-93DB-7308D291D2F5}.Debug|x64.ActiveCfg = Debug|Any CPU
		{F60A4E09-427E-4D5D-93DB-7308D291D2F5}.Debug|x64.Build.0 = Debug|Any CPU
		{F60A4E09-427E-4D5D-93DB-7308D291D2F5}.Debug|x86.ActiveCfg = Debug|Any CPU
		{F60A4E09-427E-4D5D-93DB-7308D291D2F5}.Debug|x86.Build.0 = Debug|Any CPU
		{F60A4E09-427E-4D5D-93DB-7308D291D2F5}.Release|Any CPU.ActiveCfg = Release|Any CPU
		{F60A4E09-427E-4D5D-93DB-7308D291D2F5}.Release|Any CPU.Build.0 = Release|Any CPU
		{F60A4E09-427E-4D5D-93DB-7308D291D2F5}.Release|x64.ActiveCfg = Release|Any CPU
		{F60A4E09-427E-4D5D-93DB-7308D291D2F5}.Release|x64.Build.0 = Release|Any CPU
		{F60A4E09-427E-4D5D-93DB-7308D291D2F5}.Release|x86.ActiveCfg = Release|Any CPU
		{F60A4E09-427E-4D5D-93DB-7308D291D2F5}.Release|x86.Build.0 = Release|Any CPU
	EndGlobalSection
	GlobalSection(SolutionProperties) = preSolution
		HideSolutionNode = FALSE
	EndGlobalSection
	GlobalSection(NestedProjects) = preSolution
		{E7B64B84-C17E-4A2C-BB00-09B316EDD25E} = {827E0CD3-B72D-47B6-A68D-7590B98EB39B}
		{CACCD2F7-D8E4-4766-BC60-E24FE2DC111B} = {827E0CD3-B72D-47B6-A68D-7590B98EB39B}
		{7189B254-F8D0-4A31-89FB-1E760560FD38} = {0AB3BF05-4346-4AA6-1389-037BE0695223}
		{2C7AB6F6-C240-468B-BFB5-0BAC1FB5F168} = {827E0CD3-B72D-47B6-A68D-7590B98EB39B}
		{650FD275-924A-4CDC-B752-CF9B8462C20E} = {827E0CD3-B72D-47B6-A68D-7590B98EB39B}
		{D41713B1-E78C-4EFF-AFD0-F074E91D4F12} = {827E0CD3-B72D-47B6-A68D-7590B98EB39B}
		{0EE8D0B0-C391-429F-B708-0C1827ABA34B} = {827E0CD3-B72D-47B6-A68D-7590B98EB39B}
		{2B7F76FC-1C6A-4F26-A7A8-421FC066F398} = {827E0CD3-B72D-47B6-A68D-7590B98EB39B}
		{8177750A-89E9-4737-A99B-8757885B2EFA} = {827E0CD3-B72D-47B6-A68D-7590B98EB39B}
		{DB7127DD-244D-4AA4-BA29-D2F25F083455} = {827E0CD3-B72D-47B6-A68D-7590B98EB39B}
		{F60A4E09-427E-4D5D-93DB-7308D291D2F5} = {827E0CD3-B72D-47B6-A68D-7590B98EB39B}
	EndGlobalSection
	GlobalSection(ExtensibilityGlobals) = postSolution
		SolutionGuid = {2C7A9494-D142-4098-BFFB-85389F1E230E}
	EndGlobalSection
EndGlobal
